
Microsoft Visual Studio Solution File, Format Version 12.00
# Visual Studio 15
VisualStudioVersion = 15.0.27703.2042
MinimumVisualStudioVersion = 10.0.40219.1
Project("{FAE04EC0-301F-11D3-BF4B-00C04F79EFBC}") = "TESTDOMEEXAMSCSHARP", "TESTDOMEEXAMSCSHARP\TESTDOMEEXAMSCSHARP.csproj", "{A7484017-0AA3-4993-9EF7-2CE6AB8145B3}"
EndProject
Project("{FAE04EC0-301F-11D3-BF4B-00C04F79EFBC}") = "PlaylistSong", "PlaylistSong\PlaylistSong.csproj", "{817D482B-A67C-4AD6-ACE8-37084C3C6EAD}"
EndProject
Project("{FAE04EC0-301F-11D3-BF4B-00C04F79EFBC}") = "UserInput", "UserInput\UserInput.csproj", "{2AEE914A-5BF6-4297-8B83-2AD56C39D971}"
EndProject
Project("{FAE04EC0-301F-11D3-BF4B-00C04F79EFBC}") = "TwoSum", "TwoSum\TwoSum.csproj", "{4B48D9F7-E4BE-46D0-8DCE-E35133ACA8DB}"
EndProject
Project("{FAE04EC0-301F-11D3-BF4B-00C04F79EFBC}") = "Palindrome", "Palindrome\Palindrome.csproj", "{78455E7A-D487-424C-8070-651104F640B3}"
EndProject
Project("{FAE04EC0-301F-11D3-BF4B-00C04F79EFBC}") = "Account", "Account\Account.csproj", "{9B80B746-2D93-4751-9D9B-618D07FA3EB6}"
EndProject
Global
	GlobalSection(SolutionConfigurationPlatforms) = preSolution
		Debug|Any CPU = Debug|Any CPU
		Release|Any CPU = Release|Any CPU
	EndGlobalSection
	GlobalSection(ProjectConfigurationPlatforms) = postSolution
		{A7484017-0AA3-4993-9EF7-2CE6AB8145B3}.Debug|Any CPU.ActiveCfg = Debug|Any CPU
		{A7484017-0AA3-4993-9EF7-2CE6AB8145B3}.Debug|Any CPU.Build.0 = Debug|Any CPU
		{A7484017-0AA3-4993-9EF7-2CE6AB8145B3}.Release|Any CPU.ActiveCfg = Release|Any CPU
		{A7484017-0AA3-4993-9EF7-2CE6AB8145B3}.Release|Any CPU.Build.0 = Release|Any CPU
		{817D482B-A67C-4AD6-ACE8-37084C3C6EAD}.Debug|Any CPU.ActiveCfg = Debug|Any CPU
		{817D482B-A67C-4AD6-ACE8-37084C3C6EAD}.Debug|Any CPU.Build.0 = Debug|Any CPU
		{817D482B-A67C-4AD6-ACE8-37084C3C6EAD}.Release|Any CPU.ActiveCfg = Release|Any CPU
		{817D482B-A67C-4AD6-ACE8-37084C3C6EAD}.Release|Any CPU.Build.0 = Release|Any CPU
		{2AEE914A-5BF6-4297-8B83-2AD56C39D971}.Debug|Any CPU.ActiveCfg = Debug|Any CPU
		{2AEE914A-5BF6-4297-8B83-2AD56C39D971}.Debug|Any CPU.Build.0 = Debug|Any CPU
		{2AEE914A-5BF6-4297-8B83-2AD56C39D971}.Release|Any CPU.ActiveCfg = Release|Any CPU
		{2AEE914A-5BF6-4297-8B83-2AD56C39D971}.Release|Any CPU.Build.0 = Release|Any CPU
		{4B48D9F7-E4BE-46D0-8DCE-E35133ACA8DB}.Debug|Any CPU.ActiveCfg = Debug|Any CPU
		{4B48D9F7-E4BE-46D0-8DCE-E35133ACA8DB}.Debug|Any CPU.Build.0 = Debug|Any CPU
		{4B48D9F7-E4BE-46D0-8DCE-E35133ACA8DB}.Release|Any CPU.ActiveCfg = Release|Any CPU
		{4B48D9F7-E4BE-46D0-8DCE-E35133ACA8DB}.Release|Any CPU.Build.0 = Release|Any CPU
		{78455E7A-D487-424C-8070-651104F640B3}.Debug|Any CPU.ActiveCfg = Debug|Any CPU
		{78455E7A-D487-424C-8070-651104F640B3}.Debug|Any CPU.Build.0 = Debug|Any CPU
		{78455E7A-D487-424C-8070-651104F640B3}.Release|Any CPU.ActiveCfg = Release|Any CPU
		{78455E7A-D487-424C-8070-651104F640B3}.Release|Any CPU.Build.0 = Release|Any CPU
		{9B80B746-2D93-4751-9D9B-618D07FA3EB6}.Debug|Any CPU.ActiveCfg = Debug|Any CPU
		{9B80B746-2D93-4751-9D9B-618D07FA3EB6}.Debug|Any CPU.Build.0 = Debug|Any CPU
		{9B80B746-2D93-4751-9D9B-618D07FA3EB6}.Release|Any CPU.ActiveCfg = Release|Any CPU
		{9B80B746-2D93-4751-9D9B-618D07FA3EB6}.Release|Any CPU.Build.0 = Release|Any CPU
	EndGlobalSection
	GlobalSection(SolutionProperties) = preSolution
		HideSolutionNode = FALSE
	EndGlobalSection
	GlobalSection(ExtensibilityGlobals) = postSolution
		SolutionGuid = {019DFE32-FEDF-4AC3-8C92-35E1EE3E9FD3}
	EndGlobalSection
EndGlobal
